
Microsoft Visual Studio Solution File, Format Version 12.00
# Visual Studio Version 17
VisualStudioVersion = 17.3.32901.215
MinimumVisualStudioVersion = 10.0.40219.1
Project("{FAE04EC0-301F-11D3-BF4B-00C04F79EFBC}") = "RepterWPF", "RepterWPF\RepterWPF.csproj", "{1E28AFB9-8C70-4CAB-8C54-A6223C0B7B7C}"
EndProject
Global
	GlobalSection(SolutionConfigurationPlatforms) = preSolution
		Debug|Any CPU = Debug|Any CPU
		Release|Any CPU = Release|Any CPU
	EndGlobalSection
	GlobalSection(ProjectConfigurationPlatforms) = postSolution
		{1E28AFB9-8C70-4CAB-8C54-A6223C0B7B7C}.Debug|Any CPU.ActiveCfg = Debug|Any CPU
		{1E28AFB9-8C70-4CAB-8C54-A6223C0B7B7C}.Debug|Any CPU.Build.0 = Debug|Any CPU
		{1E28AFB9-8C70-4CAB-8C54-A6223C0B7B7C}.Release|Any CPU.ActiveCfg = Release|Any CPU
		{1E28AFB9-8C70-4CAB-8C54-A6223C0B7B7C}.Release|Any CPU.Build.0 = Release|Any CPU
	EndGlobalSection
	GlobalSection(SolutionProperties) = preSolution
		HideSolutionNode = FALSE
	EndGlobalSection
	GlobalSection(ExtensibilityGlobals) = postSolution
		SolutionGuid = {493A354D-9977-4F46-82A9-87AA3314E2BA}
	EndGlobalSection
EndGlobal
